// !$*UTF8*$!
{
	archiveVersion = 1;
	classes = {
	};
	objectVersion = 56;
	objects = {

/* Begin PBXBuildFile section */
		9768248D2B3F51F000CBCCA8 /* ExampleFrameworkReducer.swift in Sources */ = {isa = PBXBuildFile; fileRef = 9768248C2B3F51F000CBCCA8 /* ExampleFrameworkReducer.swift */; };
		976824922B3F631500CBCCA8 /* AnExampleLibrary in Frameworks */ = {isa = PBXBuildFile; productRef = 976824912B3F631500CBCCA8 /* AnExampleLibrary */; };
/* End PBXBuildFile section */

/* Begin PBXFileReference section */
		976824822B3F51AC00CBCCA8 /* XCFrameworkForArchive.framework */ = {isa = PBXFileReference; explicitFileType = wrapper.framework; includeInIndex = 0; path = XCFrameworkForArchive.framework; sourceTree = BUILT_PRODUCTS_DIR; };
		9768248C2B3F51F000CBCCA8 /* ExampleFrameworkReducer.swift */ = {isa = PBXFileReference; lastKnownFileType = sourcecode.swift; path = ExampleFrameworkReducer.swift; sourceTree = "<group>"; };
		976824952B3F699A00CBCCA8 /* Project-Release.xcconfig */ = {isa = PBXFileReference; lastKnownFileType = text.xcconfig; path = "Project-Release.xcconfig"; sourceTree = "<group>"; };
		976824962B3F699A00CBCCA8 /* Project-Shared.xcconfig */ = {isa = PBXFileReference; lastKnownFileType = text.xcconfig; path = "Project-Shared.xcconfig"; sourceTree = "<group>"; };
		976824972B3F699A00CBCCA8 /* Project-Debug.xcconfig */ = {isa = PBXFileReference; lastKnownFileType = text.xcconfig; path = "Project-Debug.xcconfig"; sourceTree = "<group>"; };
		976824982B3F6A0A00CBCCA8 /* XCFrameworkForArchive.xcconfig */ = {isa = PBXFileReference; lastKnownFileType = text.xcconfig; path = XCFrameworkForArchive.xcconfig; sourceTree = "<group>"; };
/* End PBXFileReference section */

/* Begin PBXFrameworksBuildPhase section */
		9768247F2B3F51AC00CBCCA8 /* Frameworks */ = {
			isa = PBXFrameworksBuildPhase;
			buildActionMask = 2147483647;
			files = (
				976824922B3F631500CBCCA8 /* AnExampleLibrary in Frameworks */,
			);
			runOnlyForDeploymentPostprocessing = 0;
		};
/* End PBXFrameworksBuildPhase section */

/* Begin PBXGroup section */
		976824782B3F51AC00CBCCA8 = {
			isa = PBXGroup;
			children = (
				976824932B3F699A00CBCCA8 /* xcconfig */,
				976824842B3F51AC00CBCCA8 /* XCFrameworkForArchive */,
				976824832B3F51AC00CBCCA8 /* Products */,
				9768248E2B3F59F000CBCCA8 /* Frameworks */,
			);
			sourceTree = "<group>";
		};
		976824832B3F51AC00CBCCA8 /* Products */ = {
			isa = PBXGroup;
			children = (
				976824822B3F51AC00CBCCA8 /* XCFrameworkForArchive.framework */,
			);
			name = Products;
			sourceTree = "<group>";
		};
		976824842B3F51AC00CBCCA8 /* XCFrameworkForArchive */ = {
			isa = PBXGroup;
			children = (
				976824982B3F6A0A00CBCCA8 /* XCFrameworkForArchive.xcconfig */,
				9768248C2B3F51F000CBCCA8 /* ExampleFrameworkReducer.swift */,
			);
			path = XCFrameworkForArchive;
			sourceTree = "<group>";
		};
		9768248E2B3F59F000CBCCA8 /* Frameworks */ = {
			isa = PBXGroup;
			children = (
			);
			name = Frameworks;
			sourceTree = "<group>";
		};
		976824932B3F699A00CBCCA8 /* xcconfig */ = {
			isa = PBXGroup;
			children = (
				976824952B3F699A00CBCCA8 /* Project-Release.xcconfig */,
				976824962B3F699A00CBCCA8 /* Project-Shared.xcconfig */,
				976824972B3F699A00CBCCA8 /* Project-Debug.xcconfig */,
			);
			name = xcconfig;
			path = ../Workspace/xcconfig;
			sourceTree = "<group>";
		};
/* End PBXGroup section */

/* Begin PBXHeadersBuildPhase section */
		9768247D2B3F51AC00CBCCA8 /* Headers */ = {
			isa = PBXHeadersBuildPhase;
			buildActionMask = 2147483647;
			files = (
			);
			runOnlyForDeploymentPostprocessing = 0;
		};
/* End PBXHeadersBuildPhase section */

/* Begin PBXNativeTarget section */
		976824812B3F51AC00CBCCA8 /* XCFrameworkForArchive */ = {
			isa = PBXNativeTarget;
			buildConfigurationList = 976824892B3F51AC00CBCCA8 /* Build configuration list for PBXNativeTarget "XCFrameworkForArchive" */;
			buildPhases = (
				9768247D2B3F51AC00CBCCA8 /* Headers */,
				9768247E2B3F51AC00CBCCA8 /* Sources */,
				9768247F2B3F51AC00CBCCA8 /* Frameworks */,
				976824802B3F51AC00CBCCA8 /* Resources */,
			);
			buildRules = (
			);
			dependencies = (
			);
			name = XCFrameworkForArchive;
			packageProductDependencies = (
				976824912B3F631500CBCCA8 /* AnExampleLibrary */,
			);
			productName = XCFrameworkForArchive;
			productReference = 976824822B3F51AC00CBCCA8 /* XCFrameworkForArchive.framework */;
			productType = "com.apple.product-type.framework";
		};
/* End PBXNativeTarget section */

/* Begin PBXProject section */
		976824792B3F51AC00CBCCA8 /* Project object */ = {
			isa = PBXProject;
			attributes = {
				BuildIndependentTargetsInParallel = 1;
				LastUpgradeCheck = 1510;
				TargetAttributes = {
					976824812B3F51AC00CBCCA8 = {
						CreatedOnToolsVersion = 15.1;
						LastSwiftMigration = 1510;
					};
				};
			};
			buildConfigurationList = 9768247C2B3F51AC00CBCCA8 /* Build configuration list for PBXProject "XCFrameworkForArchive" */;
			compatibilityVersion = "Xcode 14.0";
			developmentRegion = en;
			hasScannedForEncodings = 0;
			knownRegions = (
				en,
				Base,
			);
			mainGroup = 976824782B3F51AC00CBCCA8;
			productRefGroup = 976824832B3F51AC00CBCCA8 /* Products */;
			projectDirPath = "";
			projectRoot = "";
			targets = (
				976824812B3F51AC00CBCCA8 /* XCFrameworkForArchive */,
			);
		};
/* End PBXProject section */

/* Begin PBXResourcesBuildPhase section */
		976824802B3F51AC00CBCCA8 /* Resources */ = {
			isa = PBXResourcesBuildPhase;
			buildActionMask = 2147483647;
			files = (
			);
			runOnlyForDeploymentPostprocessing = 0;
		};
/* End PBXResourcesBuildPhase section */

/* Begin PBXSourcesBuildPhase section */
		9768247E2B3F51AC00CBCCA8 /* Sources */ = {
			isa = PBXSourcesBuildPhase;
			buildActionMask = 2147483647;
			files = (
				9768248D2B3F51F000CBCCA8 /* ExampleFrameworkReducer.swift in Sources */,
			);
			runOnlyForDeploymentPostprocessing = 0;
		};
/* End PBXSourcesBuildPhase section */

/* Begin XCBuildConfiguration section */
		976824872B3F51AC00CBCCA8 /* Debug */ = {
			isa = XCBuildConfiguration;
			baseConfigurationReference = 976824972B3F699A00CBCCA8 /* Project-Debug.xcconfig */;
			buildSettings = {
				ALWAYS_SEARCH_USER_PATHS = NO;
				ASSETCATALOG_COMPILER_GENERATE_SWIFT_ASSET_SYMBOL_EXTENSIONS = YES;
				CLANG_ANALYZER_NONNULL = YES;
				CLANG_ANALYZER_NUMBER_OBJECT_CONVERSION = YES_AGGRESSIVE;
				CLANG_CXX_LANGUAGE_STANDARD = "gnu++20";
				CLANG_ENABLE_MODULES = YES;
				CLANG_ENABLE_OBJC_ARC = YES;
				CLANG_ENABLE_OBJC_WEAK = YES;
				CLANG_WARN_BLOCK_CAPTURE_AUTORELEASING = YES;
				CLANG_WARN_BOOL_CONVERSION = YES;
				CLANG_WARN_COMMA = YES;
				CLANG_WARN_CONSTANT_CONVERSION = YES;
				CLANG_WARN_DEPRECATED_OBJC_IMPLEMENTATIONS = YES;
				CLANG_WARN_DIRECT_OBJC_ISA_USAGE = YES_ERROR;
				CLANG_WARN_DOCUMENTATION_COMMENTS = YES;
				CLANG_WARN_EMPTY_BODY = YES;
				CLANG_WARN_ENUM_CONVERSION = YES;
				CLANG_WARN_INFINITE_RECURSION = YES;
				CLANG_WARN_INT_CONVERSION = YES;
				CLANG_WARN_NON_LITERAL_NULL_CONVERSION = YES;
				CLANG_WARN_OBJC_IMPLICIT_RETAIN_SELF = YES;
				CLANG_WARN_OBJC_LITERAL_CONVERSION = YES;
				CLANG_WARN_OBJC_ROOT_CLASS = YES_ERROR;
				CLANG_WARN_QUOTED_INCLUDE_IN_FRAMEWORK_HEADER = YES;
				CLANG_WARN_RANGE_LOOP_ANALYSIS = YES;
				CLANG_WARN_STRICT_PROTOTYPES = YES;
				CLANG_WARN_SUSPICIOUS_MOVE = YES;
				CLANG_WARN_UNGUARDED_AVAILABILITY = YES_AGGRESSIVE;
				CLANG_WARN_UNREACHABLE_CODE = YES;
				CLANG_WARN__DUPLICATE_METHOD_MATCH = YES;
				COPY_PHASE_STRIP = NO;
				CURRENT_PROJECT_VERSION = 1;
				DEBUG_INFORMATION_FORMAT = dwarf;
				ENABLE_STRICT_OBJC_MSGSEND = YES;
				ENABLE_TESTABILITY = YES;
				ENABLE_USER_SCRIPT_SANDBOXING = YES;
				GCC_C_LANGUAGE_STANDARD = gnu17;
				GCC_DYNAMIC_NO_PIC = NO;
				GCC_NO_COMMON_BLOCKS = YES;
				GCC_OPTIMIZATION_LEVEL = 0;
				GCC_PREPROCESSOR_DEFINITIONS = (
					"DEBUG=1",
					"$(inherited)",
				);
				GCC_WARN_64_TO_32_BIT_CONVERSION = YES;
				GCC_WARN_ABOUT_RETURN_TYPE = YES_ERROR;
				GCC_WARN_UNDECLARED_SELECTOR = YES;
				GCC_WARN_UNINITIALIZED_AUTOS = YES_AGGRESSIVE;
				GCC_WARN_UNUSED_FUNCTION = YES;
				GCC_WARN_UNUSED_VARIABLE = YES;
				LOCALIZATION_PREFERS_STRING_CATALOGS = YES;
				MTL_ENABLE_DEBUG_INFO = INCLUDE_SOURCE;
				MTL_FAST_MATH = YES;
				ONLY_ACTIVE_ARCH = YES;
				SWIFT_ACTIVE_COMPILATION_CONDITIONS = "DEBUG $(inherited)";
				SWIFT_OPTIMIZATION_LEVEL = "-Onone";
				VERSIONING_SYSTEM = "apple-generic";
				VERSION_INFO_PREFIX = "";
			};
			name = Debug;
		};
		976824882B3F51AC00CBCCA8 /* Release */ = {
			isa = XCBuildConfiguration;
			baseConfigurationReference = 976824952B3F699A00CBCCA8 /* Project-Release.xcconfig */;
			buildSettings = {
				ALWAYS_SEARCH_USER_PATHS = NO;
				ASSETCATALOG_COMPILER_GENERATE_SWIFT_ASSET_SYMBOL_EXTENSIONS = YES;
				CLANG_ANALYZER_NONNULL = YES;
				CLANG_ANALYZER_NUMBER_OBJECT_CONVERSION = YES_AGGRESSIVE;
				CLANG_CXX_LANGUAGE_STANDARD = "gnu++20";
				CLANG_ENABLE_MODULES = YES;
				CLANG_ENABLE_OBJC_ARC = YES;
				CLANG_ENABLE_OBJC_WEAK = YES;
				CLANG_WARN_BLOCK_CAPTURE_AUTORELEASING = YES;
				CLANG_WARN_BOOL_CONVERSION = YES;
				CLANG_WARN_COMMA = YES;
				CLANG_WARN_CONSTANT_CONVERSION = YES;
				CLANG_WARN_DEPRECATED_OBJC_IMPLEMENTATIONS = YES;
				CLANG_WARN_DIRECT_OBJC_ISA_USAGE = YES_ERROR;
				CLANG_WARN_DOCUMENTATION_COMMENTS = YES;
				CLANG_WARN_EMPTY_BODY = YES;
				CLANG_WARN_ENUM_CONVERSION = YES;
				CLANG_WARN_INFINITE_RECURSION = YES;
				CLANG_WARN_INT_CONVERSION = YES;
				CLANG_WARN_NON_LITERAL_NULL_CONVERSION = YES;
				CLANG_WARN_OBJC_IMPLICIT_RETAIN_SELF = YES;
				CLANG_WARN_OBJC_LITERAL_CONVERSION = YES;
				CLANG_WARN_OBJC_ROOT_CLASS = YES_ERROR;
				CLANG_WARN_QUOTED_INCLUDE_IN_FRAMEWORK_HEADER = YES;
				CLANG_WARN_RANGE_LOOP_ANALYSIS = YES;
				CLANG_WARN_STRICT_PROTOTYPES = YES;
				CLANG_WARN_SUSPICIOUS_MOVE = YES;
				CLANG_WARN_UNGUARDED_AVAILABILITY = YES_AGGRESSIVE;
				CLANG_WARN_UNREACHABLE_CODE = YES;
				CLANG_WARN__DUPLICATE_METHOD_MATCH = YES;
				COPY_PHASE_STRIP = NO;
				CURRENT_PROJECT_VERSION = 1;
				DEBUG_INFORMATION_FORMAT = "dwarf-with-dsym";
				ENABLE_NS_ASSERTIONS = NO;
				ENABLE_STRICT_OBJC_MSGSEND = YES;
				ENABLE_USER_SCRIPT_SANDBOXING = YES;
				GCC_C_LANGUAGE_STANDARD = gnu17;
				GCC_NO_COMMON_BLOCKS = YES;
				GCC_WARN_64_TO_32_BIT_CONVERSION = YES;
				GCC_WARN_ABOUT_RETURN_TYPE = YES_ERROR;
				GCC_WARN_UNDECLARED_SELECTOR = YES;
				GCC_WARN_UNINITIALIZED_AUTOS = YES_AGGRESSIVE;
				GCC_WARN_UNUSED_FUNCTION = YES;
				GCC_WARN_UNUSED_VARIABLE = YES;
				LOCALIZATION_PREFERS_STRING_CATALOGS = YES;
				MTL_ENABLE_DEBUG_INFO = NO;
				MTL_FAST_MATH = YES;
				SWIFT_COMPILATION_MODE = wholemodule;
				VERSIONING_SYSTEM = "apple-generic";
				VERSION_INFO_PREFIX = "";
			};
			name = Release;
		};
		9768248A2B3F51AC00CBCCA8 /* Debug */ = {
			isa = XCBuildConfiguration;
			baseConfigurationReference = 976824982B3F6A0A00CBCCA8 /* XCFrameworkForArchive.xcconfig */;
			buildSettings = {
			};
			name = Debug;
		};
		9768248B2B3F51AC00CBCCA8 /* Release */ = {
			isa = XCBuildConfiguration;
			baseConfigurationReference = 976824982B3F6A0A00CBCCA8 /* XCFrameworkForArchive.xcconfig */;
			buildSettings = {
			};
			name = Release;
		};
/* End XCBuildConfiguration section */

/* Begin XCConfigurationList section */
		9768247C2B3F51AC00CBCCA8 /* Build configuration list for PBXProject "XCFrameworkForArchive" */ = {
			isa = XCConfigurationList;
			buildConfigurations = (
				976824872B3F51AC00CBCCA8 /* Debug */,
				976824882B3F51AC00CBCCA8 /* Release */,
			);
			defaultConfigurationIsVisible = 0;
			defaultConfigurationName = Release;
		};
		976824892B3F51AC00CBCCA8 /* Build configuration list for PBXNativeTarget "XCFrameworkForArchive" */ = {
			isa = XCConfigurationList;
			buildConfigurations = (
				9768248A2B3F51AC00CBCCA8 /* Debug */,
				9768248B2B3F51AC00CBCCA8 /* Release */,
			);
			defaultConfigurationIsVisible = 0;
			defaultConfigurationName = Release;
		};
/* End XCConfigurationList section */

/* Begin XCSwiftPackageProductDependency section */
		976824912B3F631500CBCCA8 /* AnExampleLibrary */ = {
			isa = XCSwiftPackageProductDependency;
			productName = AnExampleLibrary;
		};
/* End XCSwiftPackageProductDependency section */
	};
	rootObject = 976824792B3F51AC00CBCCA8 /* Project object */;
}
